
Microsoft Visual Studio Solution File, Format Version 12.00
# Visual Studio Version 16
VisualStudioVersion = 16.0.30128.74
MinimumVisualStudioVersion = 10.0.40219.1
Project("{2150E333-8FDC-42A3-9474-1A3956D46DE8}") = "Shared", "Shared", "{CE55F125-0CD2-4789-A3C1-045DEF33ABA5}"
EndProject
Project("{2150E333-8FDC-42A3-9474-1A3956D46DE8}") = "Web_Module", "Web_Module", "{C18279CE-EED0-4689-8037-3E8A0800C60B}"
EndProject
Project("{2150E333-8FDC-42A3-9474-1A3956D46DE8}") = "Auth_Module", "Auth_Module", "{44D63E29-AB14-4500-A0A0-157EE778D4CC}"
EndProject
Project("{9A19103F-16F7-4668-BE54-9A1E7A4F7556}") = "FWO_Auth_Server", "auth\files\FWO_Auth_Server\FWO_Auth_Server.csproj", "{D0B2CE4F-9B69-4939-B6DB-91E1D2CBD4B7}"
EndProject
Project("{9A19103F-16F7-4668-BE54-9A1E7A4F7556}") = "FWO_Auth_Client", "lib\files\FWO_Auth_Client\FWO_Auth_Client.csproj", "{ECB165CE-BE81-4C5C-B27A-D73177D73E28}"
EndProject
Project("{9A19103F-16F7-4668-BE54-9A1E7A4F7556}") = "FWO_API_Client", "lib\files\FWO_API_Client\FWO_API_Client.csproj", "{419E00BA-AC3E-48F9-B886-135FE371110B}"
EndProject
Project("{9A19103F-16F7-4668-BE54-9A1E7A4F7556}") = "FWO_UI", "frontend\files\FWO_UI\FWO_UI.csproj", "{AFB191EC-D34F-4986-8BB3-E4AA95D38C82}"
EndProject
Project("{9A19103F-16F7-4668-BE54-9A1E7A4F7556}") = "FWO_Filter_UI", "frontend\files\FWO_Filter_UI\FWO_Filter_UI.csproj", "{A1599D96-0DE2-4D84-927E-40B97669EEDA}"
EndProject
Project("{9A19103F-16F7-4668-BE54-9A1E7A4F7556}") = "FWO_Test", "test\files\FWO_Test\FWO_Test.csproj", "{FECED5AE-9F58-459C-804A-6E373C191530}"
EndProject
Project("{9A19103F-16F7-4668-BE54-9A1E7A4F7556}") = "FWO_Config", "lib\files\FWO_Config\FWO_Config.csproj", "{EB1283FB-8639-45E9-8D7C-30261B5DDF93}"
EndProject
Project("{FAE04EC0-301F-11D3-BF4B-00C04F79EFBC}") = "FWO_Logging", "FWO_Logging\FWO_Logging.csproj", "{DC86C1A8-D808-433A-8EBC-D5F590B7E3A3}"
EndProject
Global
	GlobalSection(SolutionConfigurationPlatforms) = preSolution
		Debug|Any CPU = Debug|Any CPU
		Release|Any CPU = Release|Any CPU
	EndGlobalSection
	GlobalSection(ProjectConfigurationPlatforms) = postSolution
		{D0B2CE4F-9B69-4939-B6DB-91E1D2CBD4B7}.Debug|Any CPU.ActiveCfg = Debug|Any CPU
		{D0B2CE4F-9B69-4939-B6DB-91E1D2CBD4B7}.Debug|Any CPU.Build.0 = Debug|Any CPU
		{D0B2CE4F-9B69-4939-B6DB-91E1D2CBD4B7}.Release|Any CPU.ActiveCfg = Release|Any CPU
		{D0B2CE4F-9B69-4939-B6DB-91E1D2CBD4B7}.Release|Any CPU.Build.0 = Release|Any CPU
		{ECB165CE-BE81-4C5C-B27A-D73177D73E28}.Debug|Any CPU.ActiveCfg = Debug|Any CPU
		{ECB165CE-BE81-4C5C-B27A-D73177D73E28}.Debug|Any CPU.Build.0 = Debug|Any CPU
		{ECB165CE-BE81-4C5C-B27A-D73177D73E28}.Release|Any CPU.ActiveCfg = Release|Any CPU
		{ECB165CE-BE81-4C5C-B27A-D73177D73E28}.Release|Any CPU.Build.0 = Release|Any CPU
		{419E00BA-AC3E-48F9-B886-135FE371110B}.Debug|Any CPU.ActiveCfg = Debug|Any CPU
		{419E00BA-AC3E-48F9-B886-135FE371110B}.Debug|Any CPU.Build.0 = Debug|Any CPU
		{419E00BA-AC3E-48F9-B886-135FE371110B}.Release|Any CPU.ActiveCfg = Release|Any CPU
		{419E00BA-AC3E-48F9-B886-135FE371110B}.Release|Any CPU.Build.0 = Release|Any CPU
		{AFB191EC-D34F-4986-8BB3-E4AA95D38C82}.Debug|Any CPU.ActiveCfg = Debug|Any CPU
		{AFB191EC-D34F-4986-8BB3-E4AA95D38C82}.Debug|Any CPU.Build.0 = Debug|Any CPU
		{AFB191EC-D34F-4986-8BB3-E4AA95D38C82}.Release|Any CPU.ActiveCfg = Release|Any CPU
		{AFB191EC-D34F-4986-8BB3-E4AA95D38C82}.Release|Any CPU.Build.0 = Release|Any CPU
		{A1599D96-0DE2-4D84-927E-40B97669EEDA}.Debug|Any CPU.ActiveCfg = Debug|Any CPU
		{A1599D96-0DE2-4D84-927E-40B97669EEDA}.Debug|Any CPU.Build.0 = Debug|Any CPU
		{A1599D96-0DE2-4D84-927E-40B97669EEDA}.Release|Any CPU.ActiveCfg = Release|Any CPU
		{A1599D96-0DE2-4D84-927E-40B97669EEDA}.Release|Any CPU.Build.0 = Release|Any CPU
		{FECED5AE-9F58-459C-804A-6E373C191530}.Debug|Any CPU.ActiveCfg = Debug|Any CPU
		{FECED5AE-9F58-459C-804A-6E373C191530}.Debug|Any CPU.Build.0 = Debug|Any CPU
		{FECED5AE-9F58-459C-804A-6E373C191530}.Release|Any CPU.ActiveCfg = Release|Any CPU
		{FECED5AE-9F58-459C-804A-6E373C191530}.Release|Any CPU.Build.0 = Release|Any CPU
		{EB1283FB-8639-45E9-8D7C-30261B5DDF93}.Debug|Any CPU.ActiveCfg = Debug|Any CPU
		{EB1283FB-8639-45E9-8D7C-30261B5DDF93}.Debug|Any CPU.Build.0 = Debug|Any CPU
		{EB1283FB-8639-45E9-8D7C-30261B5DDF93}.Release|Any CPU.ActiveCfg = Release|Any CPU
		{EB1283FB-8639-45E9-8D7C-30261B5DDF93}.Release|Any CPU.Build.0 = Release|Any CPU
		{DC86C1A8-D808-433A-8EBC-D5F590B7E3A3}.Debug|Any CPU.ActiveCfg = Debug|Any CPU
		{DC86C1A8-D808-433A-8EBC-D5F590B7E3A3}.Debug|Any CPU.Build.0 = Debug|Any CPU
		{DC86C1A8-D808-433A-8EBC-D5F590B7E3A3}.Release|Any CPU.ActiveCfg = Release|Any CPU
		{DC86C1A8-D808-433A-8EBC-D5F590B7E3A3}.Release|Any CPU.Build.0 = Release|Any CPU
	EndGlobalSection
	GlobalSection(SolutionProperties) = preSolution
		HideSolutionNode = FALSE
	EndGlobalSection
	GlobalSection(NestedProjects) = preSolution
		{D0B2CE4F-9B69-4939-B6DB-91E1D2CBD4B7} = {44D63E29-AB14-4500-A0A0-157EE778D4CC}
		{ECB165CE-BE81-4C5C-B27A-D73177D73E28} = {CE55F125-0CD2-4789-A3C1-045DEF33ABA5}
		{419E00BA-AC3E-48F9-B886-135FE371110B} = {CE55F125-0CD2-4789-A3C1-045DEF33ABA5}
		{AFB191EC-D34F-4986-8BB3-E4AA95D38C82} = {C18279CE-EED0-4689-8037-3E8A0800C60B}
		{A1599D96-0DE2-4D84-927E-40B97669EEDA} = {C18279CE-EED0-4689-8037-3E8A0800C60B}
		{EB1283FB-8639-45E9-8D7C-30261B5DDF93} = {CE55F125-0CD2-4789-A3C1-045DEF33ABA5}
		{DC86C1A8-D808-433A-8EBC-D5F590B7E3A3} = {CE55F125-0CD2-4789-A3C1-045DEF33ABA5}
	EndGlobalSection
	GlobalSection(ExtensibilityGlobals) = postSolution
		SolutionGuid = {68364621-1011-4D44-9CF5-518F0DC3F459}
	EndGlobalSection
EndGlobal
