
Microsoft Visual Studio Solution File, Format Version 12.00
# Visual Studio Version 17
VisualStudioVersion = 17.0.31815.197
MinimumVisualStudioVersion = 10.0.40219.1
Project("{2150E333-8FDC-42A3-9474-1A3956D46DE8}") = "Lib", "Lib", "{CE55F125-0CD2-4789-A3C1-045DEF33ABA5}"
EndProject
Project("{9A19103F-16F7-4668-BE54-9A1E7A4F7556}") = "FWO.Middleware.Client", "lib\files\FWO.Middleware.Client\FWO.Middleware.Client.csproj", "{ECB165CE-BE81-4C5C-B27A-D73177D73E28}"
EndProject
Project("{9A19103F-16F7-4668-BE54-9A1E7A4F7556}") = "FWO.Test", "test\files\FWO.Test\FWO.Test.csproj", "{9C66B86B-FFB2-44A9-A944-54B33D31D413}"
EndProject
Project("{9A19103F-16F7-4668-BE54-9A1E7A4F7556}") = "FWO.Report", "lib\files\FWO.Report\FWO.Report.csproj", "{84CA4892-7C35-4F1F-AF25-2A379112DFCA}"
EndProject
Project("{9A19103F-16F7-4668-BE54-9A1E7A4F7556}") = "FWO.Report.Filter", "lib\files\FWO.Report.Filter\FWO.Report.Filter.csproj", "{A96D97D0-0E81-4723-AE99-841D4975FB67}"
EndProject
Project("{9A19103F-16F7-4668-BE54-9A1E7A4F7556}") = "FWO.Middleware", "lib\files\FWO.Middleware\FWO.Middleware.csproj", "{C505E035-861A-4E6E-87CA-28583CC48895}"
EndProject
Project("{9A19103F-16F7-4668-BE54-9A1E7A4F7556}") = "FWO.Logging", "lib\files\FWO.Logging\FWO.Logging.csproj", "{0F0A43A7-66DD-4A7A-BC2E-3FB587838810}"
EndProject
Project("{9A19103F-16F7-4668-BE54-9A1E7A4F7556}") = "FWO.Api.Client", "lib\files\FWO.Api.Client\FWO.Api.Client.csproj", "{C43BBC19-0147-44A4-AAF5-1CBC136A7A28}"
EndProject
Project("{9A19103F-16F7-4668-BE54-9A1E7A4F7556}") = "FWO.Config.Api", "lib\files\FWO.Config.Api\FWO.Config.Api.csproj", "{9225BD37-C13E-4A97-AACD-17E784FA52BB}"
EndProject
Project("{9A19103F-16F7-4668-BE54-9A1E7A4F7556}") = "FWO.Config.File", "lib\files\FWO.Config.File\FWO.Config.File.csproj", "{F4972F10-28F8-4AE1-A5F6-C0E5DC1C0B29}"
EndProject
Project("{9A19103F-16F7-4668-BE54-9A1E7A4F7556}") = "FWO.Middleware.Server", "middleware\files\FWO.Middleware.Server\FWO.Middleware.Server.csproj", "{19CDE35A-CAAA-4B9C-B4B6-A9F0E2FE3B9A}"
EndProject
Project("{9A19103F-16F7-4668-BE54-9A1E7A4F7556}") = "FWO.Ui", "ui\files\FWO.UI\FWO.Ui.csproj", "{A7ECA205-4916-4B66-8F37-15C656579D60}"
EndProject
Project("{888888A0-9F3D-457C-B088-3A5042F75D52}") = "importer", "importer\importer.pyproj", "{1A1B90A0-227D-4041-A62A-F83AF9C9C7CF}"
EndProject
Project("{9A19103F-16F7-4668-BE54-9A1E7A4F7556}") = "FWO.DeviceAutoDiscovery", "lib\files\FWO.DeviceAutoDiscovery\FWO.DeviceAutoDiscovery.csproj", "{C1D1FE54-4CDD-41C0-AABC-415950AA24D5}"
EndProject
Project("{2150E333-8FDC-42A3-9474-1A3956D46DE8}") = "files", "files", "{B39AEFDC-C308-4A2D-8E9F-727BF2951CE5}"
EndProject
Project("{FAE04EC0-301F-11D3-BF4B-00C04F79EFBC}") = "FWO.Mail", "lib\files\FWO.Mail\FWO.Mail.csproj", "{1E7CA417-C64A-4BD9-98D2-5A0A2DD94726}"
EndProject
Global
	GlobalSection(SolutionConfigurationPlatforms) = preSolution
		Debug|Any CPU = Debug|Any CPU
		Release|Any CPU = Release|Any CPU
	EndGlobalSection
	GlobalSection(ProjectConfigurationPlatforms) = postSolution
		{ECB165CE-BE81-4C5C-B27A-D73177D73E28}.Debug|Any CPU.ActiveCfg = Debug|Any CPU
		{ECB165CE-BE81-4C5C-B27A-D73177D73E28}.Debug|Any CPU.Build.0 = Debug|Any CPU
		{ECB165CE-BE81-4C5C-B27A-D73177D73E28}.Release|Any CPU.ActiveCfg = Release|Any CPU
		{ECB165CE-BE81-4C5C-B27A-D73177D73E28}.Release|Any CPU.Build.0 = Release|Any CPU
		{9C66B86B-FFB2-44A9-A944-54B33D31D413}.Debug|Any CPU.ActiveCfg = Debug|Any CPU
		{9C66B86B-FFB2-44A9-A944-54B33D31D413}.Debug|Any CPU.Build.0 = Debug|Any CPU
		{9C66B86B-FFB2-44A9-A944-54B33D31D413}.Release|Any CPU.ActiveCfg = Release|Any CPU
		{9C66B86B-FFB2-44A9-A944-54B33D31D413}.Release|Any CPU.Build.0 = Release|Any CPU
		{84CA4892-7C35-4F1F-AF25-2A379112DFCA}.Debug|Any CPU.ActiveCfg = Debug|Any CPU
		{84CA4892-7C35-4F1F-AF25-2A379112DFCA}.Debug|Any CPU.Build.0 = Debug|Any CPU
		{84CA4892-7C35-4F1F-AF25-2A379112DFCA}.Release|Any CPU.ActiveCfg = Release|Any CPU
		{84CA4892-7C35-4F1F-AF25-2A379112DFCA}.Release|Any CPU.Build.0 = Release|Any CPU
		{A96D97D0-0E81-4723-AE99-841D4975FB67}.Debug|Any CPU.ActiveCfg = Debug|Any CPU
		{A96D97D0-0E81-4723-AE99-841D4975FB67}.Debug|Any CPU.Build.0 = Debug|Any CPU
		{A96D97D0-0E81-4723-AE99-841D4975FB67}.Release|Any CPU.ActiveCfg = Release|Any CPU
		{A96D97D0-0E81-4723-AE99-841D4975FB67}.Release|Any CPU.Build.0 = Release|Any CPU
		{C505E035-861A-4E6E-87CA-28583CC48895}.Debug|Any CPU.ActiveCfg = Debug|Any CPU
		{C505E035-861A-4E6E-87CA-28583CC48895}.Debug|Any CPU.Build.0 = Debug|Any CPU
		{C505E035-861A-4E6E-87CA-28583CC48895}.Release|Any CPU.ActiveCfg = Release|Any CPU
		{C505E035-861A-4E6E-87CA-28583CC48895}.Release|Any CPU.Build.0 = Release|Any CPU
		{0F0A43A7-66DD-4A7A-BC2E-3FB587838810}.Debug|Any CPU.ActiveCfg = Debug|Any CPU
		{0F0A43A7-66DD-4A7A-BC2E-3FB587838810}.Debug|Any CPU.Build.0 = Debug|Any CPU
		{0F0A43A7-66DD-4A7A-BC2E-3FB587838810}.Release|Any CPU.ActiveCfg = Release|Any CPU
		{0F0A43A7-66DD-4A7A-BC2E-3FB587838810}.Release|Any CPU.Build.0 = Release|Any CPU
		{C43BBC19-0147-44A4-AAF5-1CBC136A7A28}.Debug|Any CPU.ActiveCfg = Debug|Any CPU
		{C43BBC19-0147-44A4-AAF5-1CBC136A7A28}.Debug|Any CPU.Build.0 = Debug|Any CPU
		{C43BBC19-0147-44A4-AAF5-1CBC136A7A28}.Release|Any CPU.ActiveCfg = Release|Any CPU
		{C43BBC19-0147-44A4-AAF5-1CBC136A7A28}.Release|Any CPU.Build.0 = Release|Any CPU
		{9225BD37-C13E-4A97-AACD-17E784FA52BB}.Debug|Any CPU.ActiveCfg = Debug|Any CPU
		{9225BD37-C13E-4A97-AACD-17E784FA52BB}.Debug|Any CPU.Build.0 = Debug|Any CPU
		{9225BD37-C13E-4A97-AACD-17E784FA52BB}.Release|Any CPU.ActiveCfg = Release|Any CPU
		{9225BD37-C13E-4A97-AACD-17E784FA52BB}.Release|Any CPU.Build.0 = Release|Any CPU
		{F4972F10-28F8-4AE1-A5F6-C0E5DC1C0B29}.Debug|Any CPU.ActiveCfg = Debug|Any CPU
		{F4972F10-28F8-4AE1-A5F6-C0E5DC1C0B29}.Debug|Any CPU.Build.0 = Debug|Any CPU
		{F4972F10-28F8-4AE1-A5F6-C0E5DC1C0B29}.Release|Any CPU.ActiveCfg = Release|Any CPU
		{F4972F10-28F8-4AE1-A5F6-C0E5DC1C0B29}.Release|Any CPU.Build.0 = Release|Any CPU
		{19CDE35A-CAAA-4B9C-B4B6-A9F0E2FE3B9A}.Debug|Any CPU.ActiveCfg = Debug|Any CPU
		{19CDE35A-CAAA-4B9C-B4B6-A9F0E2FE3B9A}.Debug|Any CPU.Build.0 = Debug|Any CPU
		{19CDE35A-CAAA-4B9C-B4B6-A9F0E2FE3B9A}.Release|Any CPU.ActiveCfg = Release|Any CPU
		{19CDE35A-CAAA-4B9C-B4B6-A9F0E2FE3B9A}.Release|Any CPU.Build.0 = Release|Any CPU
		{A7ECA205-4916-4B66-8F37-15C656579D60}.Debug|Any CPU.ActiveCfg = Debug|Any CPU
		{A7ECA205-4916-4B66-8F37-15C656579D60}.Debug|Any CPU.Build.0 = Debug|Any CPU
		{A7ECA205-4916-4B66-8F37-15C656579D60}.Release|Any CPU.ActiveCfg = Release|Any CPU
		{A7ECA205-4916-4B66-8F37-15C656579D60}.Release|Any CPU.Build.0 = Release|Any CPU
		{1A1B90A0-227D-4041-A62A-F83AF9C9C7CF}.Debug|Any CPU.ActiveCfg = Debug|Any CPU
		{1A1B90A0-227D-4041-A62A-F83AF9C9C7CF}.Release|Any CPU.ActiveCfg = Release|Any CPU
		{C1D1FE54-4CDD-41C0-AABC-415950AA24D5}.Debug|Any CPU.ActiveCfg = Debug|Any CPU
		{C1D1FE54-4CDD-41C0-AABC-415950AA24D5}.Debug|Any CPU.Build.0 = Debug|Any CPU
		{C1D1FE54-4CDD-41C0-AABC-415950AA24D5}.Release|Any CPU.ActiveCfg = Release|Any CPU
		{C1D1FE54-4CDD-41C0-AABC-415950AA24D5}.Release|Any CPU.Build.0 = Release|Any CPU
		{1E7CA417-C64A-4BD9-98D2-5A0A2DD94726}.Debug|Any CPU.ActiveCfg = Debug|Any CPU
		{1E7CA417-C64A-4BD9-98D2-5A0A2DD94726}.Debug|Any CPU.Build.0 = Debug|Any CPU
		{1E7CA417-C64A-4BD9-98D2-5A0A2DD94726}.Release|Any CPU.ActiveCfg = Release|Any CPU
		{1E7CA417-C64A-4BD9-98D2-5A0A2DD94726}.Release|Any CPU.Build.0 = Release|Any CPU
	EndGlobalSection
	GlobalSection(SolutionProperties) = preSolution
		HideSolutionNode = FALSE
	EndGlobalSection
	GlobalSection(NestedProjects) = preSolution
		{ECB165CE-BE81-4C5C-B27A-D73177D73E28} = {CE55F125-0CD2-4789-A3C1-045DEF33ABA5}
		{84CA4892-7C35-4F1F-AF25-2A379112DFCA} = {CE55F125-0CD2-4789-A3C1-045DEF33ABA5}
		{A96D97D0-0E81-4723-AE99-841D4975FB67} = {CE55F125-0CD2-4789-A3C1-045DEF33ABA5}
		{C505E035-861A-4E6E-87CA-28583CC48895} = {CE55F125-0CD2-4789-A3C1-045DEF33ABA5}
		{0F0A43A7-66DD-4A7A-BC2E-3FB587838810} = {CE55F125-0CD2-4789-A3C1-045DEF33ABA5}
		{C43BBC19-0147-44A4-AAF5-1CBC136A7A28} = {CE55F125-0CD2-4789-A3C1-045DEF33ABA5}
		{9225BD37-C13E-4A97-AACD-17E784FA52BB} = {CE55F125-0CD2-4789-A3C1-045DEF33ABA5}
		{F4972F10-28F8-4AE1-A5F6-C0E5DC1C0B29} = {CE55F125-0CD2-4789-A3C1-045DEF33ABA5}
		{1A1B90A0-227D-4041-A62A-F83AF9C9C7CF} = {CE55F125-0CD2-4789-A3C1-045DEF33ABA5}
		{C1D1FE54-4CDD-41C0-AABC-415950AA24D5} = {CE55F125-0CD2-4789-A3C1-045DEF33ABA5}
		{B39AEFDC-C308-4A2D-8E9F-727BF2951CE5} = {CE55F125-0CD2-4789-A3C1-045DEF33ABA5}
		{1E7CA417-C64A-4BD9-98D2-5A0A2DD94726} = {B39AEFDC-C308-4A2D-8E9F-727BF2951CE5}
	EndGlobalSection
	GlobalSection(ExtensibilityGlobals) = postSolution
		SolutionGuid = {68364621-1011-4D44-9CF5-518F0DC3F459}
	EndGlobalSection
EndGlobal
