
Microsoft Visual Studio Solution File, Format Version 12.00
# Visual Studio Version 16
VisualStudioVersion = 16.0.30128.74
MinimumVisualStudioVersion = 10.0.40219.1
Project("{2150E333-8FDC-42A3-9474-1A3956D46DE8}") = "Lib", "Lib", "{CE55F125-0CD2-4789-A3C1-045DEF33ABA5}"
EndProject
Project("{2150E333-8FDC-42A3-9474-1A3956D46DE8}") = "Web_Module", "Web_Module", "{C18279CE-EED0-4689-8037-3E8A0800C60B}"
EndProject
Project("{2150E333-8FDC-42A3-9474-1A3956D46DE8}") = "Auth_Module", "Auth_Module", "{44D63E29-AB14-4500-A0A0-157EE778D4CC}"
EndProject
Project("{9A19103F-16F7-4668-BE54-9A1E7A4F7556}") = "FWO.Auth.Server", "auth\files\FWO_Auth_Server\FWO.Auth.Server.csproj", "{D0B2CE4F-9B69-4939-B6DB-91E1D2CBD4B7}"
EndProject
Project("{9A19103F-16F7-4668-BE54-9A1E7A4F7556}") = "FWO.Auth.Client", "lib\files\FWO_Auth_Client\FWO.Auth.Client.csproj", "{ECB165CE-BE81-4C5C-B27A-D73177D73E28}"
EndProject
Project("{9A19103F-16F7-4668-BE54-9A1E7A4F7556}") = "FWO.ApiClient", "lib\files\FWO_API_Client\FWO.ApiClient.csproj", "{419E00BA-AC3E-48F9-B886-135FE371110B}"
EndProject
Project("{9A19103F-16F7-4668-BE54-9A1E7A4F7556}") = "FWO.Test", "test\files\FWO_Test\FWO.Test.csproj", "{FECED5AE-9F58-459C-804A-6E373C191530}"
EndProject
Project("{9A19103F-16F7-4668-BE54-9A1E7A4F7556}") = "FWO.Config", "lib\files\FWO_Config\FWO.Config.csproj", "{EB1283FB-8639-45E9-8D7C-30261B5DDF93}"
EndProject
Project("{9A19103F-16F7-4668-BE54-9A1E7A4F7556}") = "FWO.Logging", "lib\files\FWO_Logging\FWO.Logging.csproj", "{8E6CF3CB-C482-4658-A4A2-A356516F7C56}"
EndProject
Project("{9A19103F-16F7-4668-BE54-9A1E7A4F7556}") = "FWO.ApiConfig", "lib\files\FWO.ApiConfig\FWO.ApiConfig.csproj", "{AC28C4C6-896B-42B2-B816-51F8220A6E76}"
EndProject
Project("{9A19103F-16F7-4668-BE54-9A1E7A4F7556}") = "FWO.Ui.Filter", "ui\files\FWO_Filter_UI\FWO.Ui.Filter.csproj", "{A4F5DD81-9AE6-4877-9A6A-2D01C8F2044C}"
EndProject
Project("{9A19103F-16F7-4668-BE54-9A1E7A4F7556}") = "FWO.Ui", "ui\files\FWO_UI\FWO.Ui.csproj", "{73B8B5C9-E4AD-4AAC-AADA-EF778B81A952}"
EndProject
Global
	GlobalSection(SolutionConfigurationPlatforms) = preSolution
		Debug|Any CPU = Debug|Any CPU
		Release|Any CPU = Release|Any CPU
	EndGlobalSection
	GlobalSection(ProjectConfigurationPlatforms) = postSolution
		{D0B2CE4F-9B69-4939-B6DB-91E1D2CBD4B7}.Debug|Any CPU.ActiveCfg = Debug|Any CPU
		{D0B2CE4F-9B69-4939-B6DB-91E1D2CBD4B7}.Debug|Any CPU.Build.0 = Debug|Any CPU
		{D0B2CE4F-9B69-4939-B6DB-91E1D2CBD4B7}.Release|Any CPU.ActiveCfg = Release|Any CPU
		{D0B2CE4F-9B69-4939-B6DB-91E1D2CBD4B7}.Release|Any CPU.Build.0 = Release|Any CPU
		{ECB165CE-BE81-4C5C-B27A-D73177D73E28}.Debug|Any CPU.ActiveCfg = Debug|Any CPU
		{ECB165CE-BE81-4C5C-B27A-D73177D73E28}.Debug|Any CPU.Build.0 = Debug|Any CPU
		{ECB165CE-BE81-4C5C-B27A-D73177D73E28}.Release|Any CPU.ActiveCfg = Release|Any CPU
		{ECB165CE-BE81-4C5C-B27A-D73177D73E28}.Release|Any CPU.Build.0 = Release|Any CPU
		{419E00BA-AC3E-48F9-B886-135FE371110B}.Debug|Any CPU.ActiveCfg = Debug|Any CPU
		{419E00BA-AC3E-48F9-B886-135FE371110B}.Debug|Any CPU.Build.0 = Debug|Any CPU
		{419E00BA-AC3E-48F9-B886-135FE371110B}.Release|Any CPU.ActiveCfg = Release|Any CPU
		{419E00BA-AC3E-48F9-B886-135FE371110B}.Release|Any CPU.Build.0 = Release|Any CPU
		{FECED5AE-9F58-459C-804A-6E373C191530}.Debug|Any CPU.ActiveCfg = Debug|Any CPU
		{FECED5AE-9F58-459C-804A-6E373C191530}.Debug|Any CPU.Build.0 = Debug|Any CPU
		{FECED5AE-9F58-459C-804A-6E373C191530}.Release|Any CPU.ActiveCfg = Release|Any CPU
		{FECED5AE-9F58-459C-804A-6E373C191530}.Release|Any CPU.Build.0 = Release|Any CPU
		{EB1283FB-8639-45E9-8D7C-30261B5DDF93}.Debug|Any CPU.ActiveCfg = Debug|Any CPU
		{EB1283FB-8639-45E9-8D7C-30261B5DDF93}.Debug|Any CPU.Build.0 = Debug|Any CPU
		{EB1283FB-8639-45E9-8D7C-30261B5DDF93}.Release|Any CPU.ActiveCfg = Release|Any CPU
		{EB1283FB-8639-45E9-8D7C-30261B5DDF93}.Release|Any CPU.Build.0 = Release|Any CPU
		{8E6CF3CB-C482-4658-A4A2-A356516F7C56}.Debug|Any CPU.ActiveCfg = Debug|Any CPU
		{8E6CF3CB-C482-4658-A4A2-A356516F7C56}.Debug|Any CPU.Build.0 = Debug|Any CPU
		{8E6CF3CB-C482-4658-A4A2-A356516F7C56}.Release|Any CPU.ActiveCfg = Release|Any CPU
		{8E6CF3CB-C482-4658-A4A2-A356516F7C56}.Release|Any CPU.Build.0 = Release|Any CPU
		{AC28C4C6-896B-42B2-B816-51F8220A6E76}.Debug|Any CPU.ActiveCfg = Debug|Any CPU
		{AC28C4C6-896B-42B2-B816-51F8220A6E76}.Debug|Any CPU.Build.0 = Debug|Any CPU
		{AC28C4C6-896B-42B2-B816-51F8220A6E76}.Release|Any CPU.ActiveCfg = Release|Any CPU
		{AC28C4C6-896B-42B2-B816-51F8220A6E76}.Release|Any CPU.Build.0 = Release|Any CPU
		{A4F5DD81-9AE6-4877-9A6A-2D01C8F2044C}.Debug|Any CPU.ActiveCfg = Debug|Any CPU
		{A4F5DD81-9AE6-4877-9A6A-2D01C8F2044C}.Debug|Any CPU.Build.0 = Debug|Any CPU
		{A4F5DD81-9AE6-4877-9A6A-2D01C8F2044C}.Release|Any CPU.ActiveCfg = Release|Any CPU
		{A4F5DD81-9AE6-4877-9A6A-2D01C8F2044C}.Release|Any CPU.Build.0 = Release|Any CPU
		{73B8B5C9-E4AD-4AAC-AADA-EF778B81A952}.Debug|Any CPU.ActiveCfg = Debug|Any CPU
		{73B8B5C9-E4AD-4AAC-AADA-EF778B81A952}.Debug|Any CPU.Build.0 = Debug|Any CPU
		{73B8B5C9-E4AD-4AAC-AADA-EF778B81A952}.Release|Any CPU.ActiveCfg = Release|Any CPU
		{73B8B5C9-E4AD-4AAC-AADA-EF778B81A952}.Release|Any CPU.Build.0 = Release|Any CPU
	EndGlobalSection
	GlobalSection(SolutionProperties) = preSolution
		HideSolutionNode = FALSE
	EndGlobalSection
	GlobalSection(NestedProjects) = preSolution
		{D0B2CE4F-9B69-4939-B6DB-91E1D2CBD4B7} = {44D63E29-AB14-4500-A0A0-157EE778D4CC}
		{ECB165CE-BE81-4C5C-B27A-D73177D73E28} = {CE55F125-0CD2-4789-A3C1-045DEF33ABA5}
		{419E00BA-AC3E-48F9-B886-135FE371110B} = {CE55F125-0CD2-4789-A3C1-045DEF33ABA5}
		{EB1283FB-8639-45E9-8D7C-30261B5DDF93} = {CE55F125-0CD2-4789-A3C1-045DEF33ABA5}
		{8E6CF3CB-C482-4658-A4A2-A356516F7C56} = {CE55F125-0CD2-4789-A3C1-045DEF33ABA5}
		{AC28C4C6-896B-42B2-B816-51F8220A6E76} = {CE55F125-0CD2-4789-A3C1-045DEF33ABA5}
		{A4F5DD81-9AE6-4877-9A6A-2D01C8F2044C} = {C18279CE-EED0-4689-8037-3E8A0800C60B}
		{73B8B5C9-E4AD-4AAC-AADA-EF778B81A952} = {C18279CE-EED0-4689-8037-3E8A0800C60B}
	EndGlobalSection
	GlobalSection(ExtensibilityGlobals) = postSolution
		SolutionGuid = {68364621-1011-4D44-9CF5-518F0DC3F459}
	EndGlobalSection
EndGlobal
