
Microsoft Visual Studio Solution File, Format Version 12.00
# Visual Studio Version 16
VisualStudioVersion = 16.0.30128.74
MinimumVisualStudioVersion = 10.0.40219.1
Project("{FAE04EC0-301F-11D3-BF4B-00C04F79EFBC}") = "FWO_Filter", "FWO_Filter\FWO_Filter.csproj", "{5DC9EECB-5B3D-4E61-814B-9C497F043F57}"
EndProject
Global
	GlobalSection(SolutionConfigurationPlatforms) = preSolution
		Debug|Any CPU = Debug|Any CPU
		Release|Any CPU = Release|Any CPU
	EndGlobalSection
	GlobalSection(ProjectConfigurationPlatforms) = postSolution
		{5DC9EECB-5B3D-4E61-814B-9C497F043F57}.Debug|Any CPU.ActiveCfg = Debug|Any CPU
		{5DC9EECB-5B3D-4E61-814B-9C497F043F57}.Debug|Any CPU.Build.0 = Debug|Any CPU
		{5DC9EECB-5B3D-4E61-814B-9C497F043F57}.Release|Any CPU.ActiveCfg = Release|Any CPU
		{5DC9EECB-5B3D-4E61-814B-9C497F043F57}.Release|Any CPU.Build.0 = Release|Any CPU
	EndGlobalSection
	GlobalSection(SolutionProperties) = preSolution
		HideSolutionNode = FALSE
	EndGlobalSection
	GlobalSection(ExtensibilityGlobals) = postSolution
		SolutionGuid = {6B8B9780-BAC6-478C-9744-6142493776AA}
	EndGlobalSection
EndGlobal
